// !$*UTF8*$!
{
	archiveVersion = 1;
	classes = {
	};
	objectVersion = 56;
	objects = {

/* Begin PBXFileReference section */
		941C14CB2C3DD459002EC988 /* index.HTML */ = {isa = PBXFileReference; lastKnownFileType = text.html; path = index.HTML; sourceTree = "<group>"; };
		941C14E32C516220002EC988 /* Website_Media.xcassets */ = {isa = PBXFileReference; lastKnownFileType = folder.assetcatalog; name = Website_Media.xcassets; path = ../Website_Media.xcassets; sourceTree = "<group>"; };
		941C14EB2C575718002EC988 /* sound.html */ = {isa = PBXFileReference; lastKnownFileType = text.html; path = sound.html; sourceTree = "<group>"; };
		941C14EE2C586A7B002EC988 /* ceramics.html */ = {isa = PBXFileReference; lastKnownFileType = text.html; path = ceramics.html; sourceTree = "<group>"; };
		941C14EF2C587062002EC988 /* paint.html */ = {isa = PBXFileReference; lastKnownFileType = text.html; path = paint.html; sourceTree = "<group>"; };
		941C14F02C58766E002EC988 /* design.html */ = {isa = PBXFileReference; lastKnownFileType = text.html; path = design.html; sourceTree = "<group>"; };
		941C14F12C589737002EC988 /* ecosystems.html */ = {isa = PBXFileReference; lastKnownFileType = text.html; path = ecosystems.html; sourceTree = "<group>"; };
		941C14F22C589E8F002EC988 /* printshop.html */ = {isa = PBXFileReference; lastKnownFileType = text.html; path = printshop.html; sourceTree = "<group>"; };
		94A8FA442C63C54B00E66FD0 /* studio.html */ = {isa = PBXFileReference; lastKnownFileType = text.html; path = studio.html; sourceTree = "<group>"; };
		94A8FA452C64515600E66FD0 /* about.html */ = {isa = PBXFileReference; lastKnownFileType = text.html; path = about.html; sourceTree = "<group>"; };
/* End PBXFileReference section */

/* Begin PBXGroup section */
		941C14C42C3DD3F7002EC988 = {
			isa = PBXGroup;
			children = (
				94A8FA452C64515600E66FD0 /* about.html */,
				94A8FA442C63C54B00E66FD0 /* studio.html */,
				941C14F22C589E8F002EC988 /* printshop.html */,
				941C14F12C589737002EC988 /* ecosystems.html */,
				941C14F02C58766E002EC988 /* design.html */,
				941C14EF2C587062002EC988 /* paint.html */,
				941C14EE2C586A7B002EC988 /* ceramics.html */,
				941C14EB2C575718002EC988 /* sound.html */,
				941C14CB2C3DD459002EC988 /* index.HTML */,
				941C14E32C516220002EC988 /* Website_Media.xcassets */,
			);
			sourceTree = "<group>";
		};
/* End PBXGroup section */

/* Begin PBXProject section */
		941C14C52C3DD3F7002EC988 /* Project object */ = {
			isa = PBXProject;
			attributes = {
				BuildIndependentTargetsInParallel = 1;
				LastUpgradeCheck = 1540;
			};
			buildConfigurationList = 941C14C82C3DD3F7002EC988 /* Build configuration list for PBXProject "HTML" */;
			compatibilityVersion = "Xcode 14.0";
			developmentRegion = en;
			hasScannedForEncodings = 0;
			knownRegions = (
				en,
				Base,
			);
			mainGroup = 941C14C42C3DD3F7002EC988;
			projectDirPath = "";
			projectRoot = "";
			targets = (
			);
		};
/* End PBXProject section */

/* Begin XCBuildConfiguration section */
		941C14C92C3DD3F7002EC988 /* Debug */ = {
			isa = XCBuildConfiguration;
			buildSettings = {
			};
			name = Debug;
		};
		941C14CA2C3DD3F7002EC988 /* Release */ = {
			isa = XCBuildConfiguration;
			buildSettings = {
			};
			name = Release;
		};
/* End XCBuildConfiguration section */

/* Begin XCConfigurationList section */
		941C14C82C3DD3F7002EC988 /* Build configuration list for PBXProject "HTML" */ = {
			isa = XCConfigurationList;
			buildConfigurations = (
				941C14C92C3DD3F7002EC988 /* Debug */,
				941C14CA2C3DD3F7002EC988 /* Release */,
			);
			defaultConfigurationIsVisible = 0;
			defaultConfigurationName = Release;
		};
/* End XCConfigurationList section */
	};
	rootObject = 941C14C52C3DD3F7002EC988 /* Project object */;
}
